
Microsoft Visual Studio Solution File, Format Version 12.00
# Visual Studio Version 17
VisualStudioVersion = 17.3.32929.385
MinimumVisualStudioVersion = 10.0.40219.1
Project("{FAE04EC0-301F-11D3-BF4B-00C04F79EFBC}") = "TyperConverter", "TyperConverter\TyperConverter.csproj", "{5F9345F1-BB56-4FEE-9034-81F1933563F8}"
EndProject
Global
	GlobalSection(SolutionConfigurationPlatforms) = preSolution
		Debug|Any CPU = Debug|Any CPU
		Release|Any CPU = Release|Any CPU
	EndGlobalSection
	GlobalSection(ProjectConfigurationPlatforms) = postSolution
		{5F9345F1-BB56-4FEE-9034-81F1933563F8}.Debug|Any CPU.ActiveCfg = Debug|Any CPU
		{5F9345F1-BB56-4FEE-9034-81F1933563F8}.Debug|Any CPU.Build.0 = Debug|Any CPU
		{5F9345F1-BB56-4FEE-9034-81F1933563F8}.Release|Any CPU.ActiveCfg = Release|Any CPU
		{5F9345F1-BB56-4FEE-9034-81F1933563F8}.Release|Any CPU.Build.0 = Release|Any CPU
	EndGlobalSection
	GlobalSection(SolutionProperties) = preSolution
		HideSolutionNode = FALSE
	EndGlobalSection
	GlobalSection(ExtensibilityGlobals) = postSolution
		SolutionGuid = {023EE360-318C-4F14-A98B-666012AE875F}
	EndGlobalSection
EndGlobal
